
Microsoft Visual Studio Solution File, Format Version 12.00
# Visual Studio 14
VisualStudioVersion = 14.0.25123.0
MinimumVisualStudioVersion = 10.0.40219.1
Project("{FAE04EC0-301F-11D3-BF4B-00C04F79EFBC}") = "JenkinsDemo", "JenkinsDemo\JenkinsDemo.csproj", "{6F70B392-6DAA-4411-B7E9-2E9E06EAE73E}"
EndProject
Project("{FAE04EC0-301F-11D3-BF4B-00C04F79EFBC}") = "JenkinsDemo.Tests", "JenkinsDemo.Tests\JenkinsDemo.Tests.csproj", "{44929364-EBE3-4C46-9EE8-AAF010CA0872}"
EndProject
Global
	GlobalSection(SolutionConfigurationPlatforms) = preSolution
		Debug|Any CPU = Debug|Any CPU
		Release|Any CPU = Release|Any CPU
	EndGlobalSection
	GlobalSection(ProjectConfigurationPlatforms) = postSolution
		{6F70B392-6DAA-4411-B7E9-2E9E06EAE73E}.Debug|Any CPU.ActiveCfg = Debug|Any CPU
		{6F70B392-6DAA-4411-B7E9-2E9E06EAE73E}.Debug|Any CPU.Build.0 = Debug|Any CPU
		{6F70B392-6DAA-4411-B7E9-2E9E06EAE73E}.Release|Any CPU.ActiveCfg = Release|Any CPU
		{6F70B392-6DAA-4411-B7E9-2E9E06EAE73E}.Release|Any CPU.Build.0 = Release|Any CPU
		{44929364-EBE3-4C46-9EE8-AAF010CA0872}.Debug|Any CPU.ActiveCfg = Debug|Any CPU
		{44929364-EBE3-4C46-9EE8-AAF010CA0872}.Debug|Any CPU.Build.0 = Debug|Any CPU
		{44929364-EBE3-4C46-9EE8-AAF010CA0872}.Release|Any CPU.ActiveCfg = Release|Any CPU
		{44929364-EBE3-4C46-9EE8-AAF010CA0872}.Release|Any CPU.Build.0 = Release|Any CPU
	EndGlobalSection
	GlobalSection(SolutionProperties) = preSolution
		HideSolutionNode = FALSE
	EndGlobalSection
EndGlobal
